
Microsoft Visual Studio Solution File, Format Version 12.00
# Visual Studio 15
VisualStudioVersion = 15.0.28010.2046
MinimumVisualStudioVersion = 10.0.40219.1
Project("{FAE04EC0-301F-11D3-BF4B-00C04F79EFBC}") = "Ricerca_e_ordinamento", "Ricerca_e_ordinamento\Ricerca_e_ordinamento.csproj", "{EB929089-D6A4-470B-996D-EE37E7006550}"
EndProject
Global
	GlobalSection(SolutionConfigurationPlatforms) = preSolution
		Debug|Any CPU = Debug|Any CPU
		Release|Any CPU = Release|Any CPU
	EndGlobalSection
	GlobalSection(ProjectConfigurationPlatforms) = postSolution
		{EB929089-D6A4-470B-996D-EE37E7006550}.Debug|Any CPU.ActiveCfg = Debug|Any CPU
		{EB929089-D6A4-470B-996D-EE37E7006550}.Debug|Any CPU.Build.0 = Debug|Any CPU
		{EB929089-D6A4-470B-996D-EE37E7006550}.Release|Any CPU.ActiveCfg = Release|Any CPU
		{EB929089-D6A4-470B-996D-EE37E7006550}.Release|Any CPU.Build.0 = Release|Any CPU
	EndGlobalSection
	GlobalSection(SolutionProperties) = preSolution
		HideSolutionNode = FALSE
	EndGlobalSection
	GlobalSection(ExtensibilityGlobals) = postSolution
		SolutionGuid = {F1315749-FA17-47D0-9684-4C6A07D04461}
	EndGlobalSection
EndGlobal
